
Microsoft Visual Studio Solution File, Format Version 12.00
# Visual Studio Version 16
VisualStudioVersion = 16.0.810.16
MinimumVisualStudioVersion = 10.0.40219.1
Project("{FAE04EC0-301F-11D3-BF4B-00C04F79EFBC}") = "Booksexchange.Api", "Booksexchange.Api\Booksexchange.Api.csproj", "{2DC56C48-3C85-4E26-BC6C-84C74863319C}"
EndProject
Global
	GlobalSection(SolutionConfigurationPlatforms) = preSolution
		Debug|Any CPU = Debug|Any CPU
		Release|Any CPU = Release|Any CPU
	EndGlobalSection
	GlobalSection(ProjectConfigurationPlatforms) = postSolution
		{2DC56C48-3C85-4E26-BC6C-84C74863319C}.Debug|Any CPU.ActiveCfg = Debug|Any CPU
		{2DC56C48-3C85-4E26-BC6C-84C74863319C}.Debug|Any CPU.Build.0 = Debug|Any CPU
		{2DC56C48-3C85-4E26-BC6C-84C74863319C}.Release|Any CPU.ActiveCfg = Release|Any CPU
		{2DC56C48-3C85-4E26-BC6C-84C74863319C}.Release|Any CPU.Build.0 = Release|Any CPU
	EndGlobalSection
	GlobalSection(SolutionProperties) = preSolution
		HideSolutionNode = FALSE
	EndGlobalSection
	GlobalSection(ExtensibilityGlobals) = postSolution
		SolutionGuid = {9DCD94F1-9AB1-483E-B76A-5E941E0BE80F}
	EndGlobalSection
EndGlobal
